
Microsoft Visual Studio Solution File, Format Version 12.00
# Visual Studio Version 17
VisualStudioVersion = 17.8.34330.188
MinimumVisualStudioVersion = 10.0.40219.1
Project("{9A19103F-16F7-4668-BE54-9A1E7A4F7556}") = "IdServer", "IdServer\IdServer.csproj", "{DB5E851F-5F09-4E14-9589-9E00D9CBF9EA}"
EndProject
Project("{FAE04EC0-301F-11D3-BF4B-00C04F79EFBC}") = "IdClient", "IdClient\IdClient.csproj", "{8291D479-6FE6-47D7-A0E2-59CEFCB81B78}"
EndProject
Global
	GlobalSection(SolutionConfigurationPlatforms) = preSolution
		Debug|Any CPU = Debug|Any CPU
		Release|Any CPU = Release|Any CPU
	EndGlobalSection
	GlobalSection(ProjectConfigurationPlatforms) = postSolution
		{DB5E851F-5F09-4E14-9589-9E00D9CBF9EA}.Debug|Any CPU.ActiveCfg = Debug|Any CPU
		{DB5E851F-5F09-4E14-9589-9E00D9CBF9EA}.Debug|Any CPU.Build.0 = Debug|Any CPU
		{DB5E851F-5F09-4E14-9589-9E00D9CBF9EA}.Release|Any CPU.ActiveCfg = Release|Any CPU
		{DB5E851F-5F09-4E14-9589-9E00D9CBF9EA}.Release|Any CPU.Build.0 = Release|Any CPU
		{8291D479-6FE6-47D7-A0E2-59CEFCB81B78}.Debug|Any CPU.ActiveCfg = Debug|Any CPU
		{8291D479-6FE6-47D7-A0E2-59CEFCB81B78}.Debug|Any CPU.Build.0 = Debug|Any CPU
		{8291D479-6FE6-47D7-A0E2-59CEFCB81B78}.Release|Any CPU.ActiveCfg = Release|Any CPU
		{8291D479-6FE6-47D7-A0E2-59CEFCB81B78}.Release|Any CPU.Build.0 = Release|Any CPU
	EndGlobalSection
	GlobalSection(SolutionProperties) = preSolution
		HideSolutionNode = FALSE
	EndGlobalSection
	GlobalSection(ExtensibilityGlobals) = postSolution
		SolutionGuid = {E94298C7-5549-43D3-8F2A-103D38F82D17}
	EndGlobalSection
EndGlobal
